
Microsoft Visual Studio Solution File, Format Version 12.00
# Visual Studio Version 17
VisualStudioVersion = 17.6.33829.357
MinimumVisualStudioVersion = 10.0.40219.1
Project("{9A19103F-16F7-4668-BE54-9A1E7A4F7556}") = "emu", "emu.csproj", "{00AF7543-3CB6-4D49-9EBF-578CFC96AA80}"
EndProject
Project("{9A19103F-16F7-4668-BE54-9A1E7A4F7556}") = "asm", "..\asm\asm.csproj", "{088CE17B-A103-4EEC-BD38-2031EAB07A6B}"
EndProject
Project("{9A19103F-16F7-4668-BE54-9A1E7A4F7556}") = "Basic", "..\Basic\Basic.csproj", "{B52BE8FB-616A-41F3-B684-1E1B2973D792}"
EndProject
Project("{FAE04EC0-301F-11D3-BF4B-00C04F79EFBC}") = "Compiler", "..\Compiler\Compiler.csproj", "{BC2DE260-9BB2-4117-8C59-58D853B09537}"
EndProject
Global
	GlobalSection(SolutionConfigurationPlatforms) = preSolution
		Debug|Any CPU = Debug|Any CPU
		Release|Any CPU = Release|Any CPU
	EndGlobalSection
	GlobalSection(ProjectConfigurationPlatforms) = postSolution
		{00AF7543-3CB6-4D49-9EBF-578CFC96AA80}.Debug|Any CPU.ActiveCfg = Debug|Any CPU
		{00AF7543-3CB6-4D49-9EBF-578CFC96AA80}.Debug|Any CPU.Build.0 = Debug|Any CPU
		{00AF7543-3CB6-4D49-9EBF-578CFC96AA80}.Release|Any CPU.ActiveCfg = Release|Any CPU
		{00AF7543-3CB6-4D49-9EBF-578CFC96AA80}.Release|Any CPU.Build.0 = Release|Any CPU
		{088CE17B-A103-4EEC-BD38-2031EAB07A6B}.Debug|Any CPU.ActiveCfg = Debug|Any CPU
		{088CE17B-A103-4EEC-BD38-2031EAB07A6B}.Debug|Any CPU.Build.0 = Debug|Any CPU
		{088CE17B-A103-4EEC-BD38-2031EAB07A6B}.Release|Any CPU.ActiveCfg = Release|Any CPU
		{088CE17B-A103-4EEC-BD38-2031EAB07A6B}.Release|Any CPU.Build.0 = Release|Any CPU
		{B52BE8FB-616A-41F3-B684-1E1B2973D792}.Debug|Any CPU.ActiveCfg = Debug|Any CPU
		{B52BE8FB-616A-41F3-B684-1E1B2973D792}.Debug|Any CPU.Build.0 = Debug|Any CPU
		{B52BE8FB-616A-41F3-B684-1E1B2973D792}.Release|Any CPU.ActiveCfg = Release|Any CPU
		{B52BE8FB-616A-41F3-B684-1E1B2973D792}.Release|Any CPU.Build.0 = Release|Any CPU
		{BC2DE260-9BB2-4117-8C59-58D853B09537}.Debug|Any CPU.ActiveCfg = Debug|Any CPU
		{BC2DE260-9BB2-4117-8C59-58D853B09537}.Debug|Any CPU.Build.0 = Debug|Any CPU
		{BC2DE260-9BB2-4117-8C59-58D853B09537}.Release|Any CPU.ActiveCfg = Release|Any CPU
		{BC2DE260-9BB2-4117-8C59-58D853B09537}.Release|Any CPU.Build.0 = Release|Any CPU
	EndGlobalSection
	GlobalSection(SolutionProperties) = preSolution
		HideSolutionNode = FALSE
	EndGlobalSection
	GlobalSection(ExtensibilityGlobals) = postSolution
		SolutionGuid = {39327D6C-782C-41FF-ADEE-C0DCE905F11C}
	EndGlobalSection
EndGlobal
